
Microsoft Visual Studio Solution File, Format Version 12.00
# Visual Studio 15
VisualStudioVersion = 15.0.27004.2002
MinimumVisualStudioVersion = 10.0.40219.1
Project("{FAE04EC0-301F-11D3-BF4B-00C04F79EFBC}") = "CodeConverterWebApp", "CodeConverterWebApp\CodeConverterWebApp.csproj", "{D1FF18B5-68A8-439B-9D00-C35258AA7833}"
EndProject
Project("{2150E333-8FDC-42A3-9474-1A3956D46DE8}") = "Notes", "Notes", "{32177593-7145-40D2-8920-4B2F98914067}"
	ProjectSection(SolutionItems) = preProject
		converter.txt = converter.txt
	EndProjectSection
EndProject
Project("{9A19103F-16F7-4668-BE54-9A1E7A4F7556}") = "RefactoringEssentials", "RefactoringEssentials\RefactoringEssentials.csproj", "{01072ACB-17A0-4B9D-819B-713C0215583A}"
EndProject
Global
	GlobalSection(SolutionConfigurationPlatforms) = preSolution
		Debug|Any CPU = Debug|Any CPU
		Mono_Debug|Any CPU = Mono_Debug|Any CPU
		Mono_Release|Any CPU = Mono_Release|Any CPU
		Release|Any CPU = Release|Any CPU
	EndGlobalSection
	GlobalSection(ProjectConfigurationPlatforms) = postSolution
		{D1FF18B5-68A8-439B-9D00-C35258AA7833}.Debug|Any CPU.ActiveCfg = Debug|Any CPU
		{D1FF18B5-68A8-439B-9D00-C35258AA7833}.Debug|Any CPU.Build.0 = Debug|Any CPU
		{D1FF18B5-68A8-439B-9D00-C35258AA7833}.Mono_Debug|Any CPU.ActiveCfg = Debug|Any CPU
		{D1FF18B5-68A8-439B-9D00-C35258AA7833}.Mono_Debug|Any CPU.Build.0 = Debug|Any CPU
		{D1FF18B5-68A8-439B-9D00-C35258AA7833}.Mono_Release|Any CPU.ActiveCfg = Release|Any CPU
		{D1FF18B5-68A8-439B-9D00-C35258AA7833}.Mono_Release|Any CPU.Build.0 = Release|Any CPU
		{D1FF18B5-68A8-439B-9D00-C35258AA7833}.Release|Any CPU.ActiveCfg = Release|Any CPU
		{D1FF18B5-68A8-439B-9D00-C35258AA7833}.Release|Any CPU.Build.0 = Release|Any CPU
		{01072ACB-17A0-4B9D-819B-713C0215583A}.Debug|Any CPU.ActiveCfg = Debug|Any CPU
		{01072ACB-17A0-4B9D-819B-713C0215583A}.Debug|Any CPU.Build.0 = Debug|Any CPU
		{01072ACB-17A0-4B9D-819B-713C0215583A}.Mono_Debug|Any CPU.ActiveCfg = Debug|Any CPU
		{01072ACB-17A0-4B9D-819B-713C0215583A}.Mono_Debug|Any CPU.Build.0 = Debug|Any CPU
		{01072ACB-17A0-4B9D-819B-713C0215583A}.Mono_Release|Any CPU.ActiveCfg = Release|Any CPU
		{01072ACB-17A0-4B9D-819B-713C0215583A}.Mono_Release|Any CPU.Build.0 = Release|Any CPU
		{01072ACB-17A0-4B9D-819B-713C0215583A}.Release|Any CPU.ActiveCfg = Release|Any CPU
		{01072ACB-17A0-4B9D-819B-713C0215583A}.Release|Any CPU.Build.0 = Release|Any CPU
	EndGlobalSection
	GlobalSection(SolutionProperties) = preSolution
		HideSolutionNode = FALSE
	EndGlobalSection
	GlobalSection(ExtensibilityGlobals) = postSolution
		SolutionGuid = {CF2EB7C6-4ABF-47C9-A9FB-524B28001EB9}
	EndGlobalSection
EndGlobal
