
Microsoft Visual Studio Solution File, Format Version 12.00
# Visual Studio 15
VisualStudioVersion = 15.0.26228.4
MinimumVisualStudioVersion = 10.0.40219.1
Project("{2150E333-8FDC-42A3-9474-1A3956D46DE8}") = "Solution Items", "Solution Items", "{E7481F91-77A4-49F6-ACC7-B8145827C384}"
	ProjectSection(SolutionItems) = preProject
		appveyor.2017.yml = appveyor.2017.yml
		README.md = README.md
	EndProjectSection
EndProject
Project("{FAE04EC0-301F-11D3-BF4B-00C04F79EFBC}") = "Vsix", "Vsix.2017\Vsix.csproj", "{99498EF8-C9E0-433B-8D7B-EA8E9E66F0C7}"
	ProjectSection(ProjectDependencies) = postProject
		{7FB64621-DF93-48DE-995D-8CB0804F6003} = {7FB64621-DF93-48DE-995D-8CB0804F6003}
	EndProjectSection
EndProject
Project("{FAE04EC0-301F-11D3-BF4B-00C04F79EFBC}") = "Demonstration", "Demonstration\Demonstration.csproj", "{203FF5F7-8F0A-43C5-8BB5-723C492A42DA}"
EndProject
Project("{FAE04EC0-301F-11D3-BF4B-00C04F79EFBC}") = "Tests", "Tests.2017\Tests.csproj", "{21DBA1CE-AF55-4159-B04B-B8C621BE8921}"
EndProject
Project("{F184B08F-C81C-45F6-A57F-5ABD9991F28F}") = "Demonstration.VB", "Demonstration.VB\Demonstration.VB.vbproj", "{9FD0CFFC-CEDF-42DC-A344-B3E8F4EDF7C7}"
EndProject
Project("{FAE04EC0-301F-11D3-BF4B-00C04F79EFBC}") = "DocGenerator", "DocGenerator.2017\DocGenerator.csproj", "{7FB64621-DF93-48DE-995D-8CB0804F6003}"
EndProject
Project("{9A19103F-16F7-4668-BE54-9A1E7A4F7556}") = "RefactoringEssentials", "RefactoringEssentials.2017\RefactoringEssentials.csproj", "{18236D33-B3E1-45DC-99E7-230633A228B6}"
EndProject
Global
	GlobalSection(SolutionConfigurationPlatforms) = preSolution
		Debug|Any CPU = Debug|Any CPU
		Debug|x64 = Debug|x64
		Debug|x86 = Debug|x86
		Mono_Debug|Any CPU = Mono_Debug|Any CPU
		Mono_Debug|x64 = Mono_Debug|x64
		Mono_Debug|x86 = Mono_Debug|x86
		Mono_Release|Any CPU = Mono_Release|Any CPU
		Mono_Release|x64 = Mono_Release|x64
		Mono_Release|x86 = Mono_Release|x86
		net_4_5_Debug|Any CPU = net_4_5_Debug|Any CPU
		net_4_5_Debug|x64 = net_4_5_Debug|x64
		net_4_5_Debug|x86 = net_4_5_Debug|x86
		net_4_5_Release|Any CPU = net_4_5_Release|Any CPU
		net_4_5_Release|x64 = net_4_5_Release|x64
		net_4_5_Release|x86 = net_4_5_Release|x86
		Release|Any CPU = Release|Any CPU
		Release|x64 = Release|x64
		Release|x86 = Release|x86
	EndGlobalSection
	GlobalSection(ProjectConfigurationPlatforms) = postSolution
		{99498EF8-C9E0-433B-8D7B-EA8E9E66F0C7}.Debug|Any CPU.ActiveCfg = Debug|Any CPU
		{99498EF8-C9E0-433B-8D7B-EA8E9E66F0C7}.Debug|Any CPU.Build.0 = Debug|Any CPU
		{99498EF8-C9E0-433B-8D7B-EA8E9E66F0C7}.Debug|x64.ActiveCfg = Debug|Any CPU
		{99498EF8-C9E0-433B-8D7B-EA8E9E66F0C7}.Debug|x64.Build.0 = Debug|Any CPU
		{99498EF8-C9E0-433B-8D7B-EA8E9E66F0C7}.Debug|x86.ActiveCfg = Debug|Any CPU
		{99498EF8-C9E0-433B-8D7B-EA8E9E66F0C7}.Debug|x86.Build.0 = Debug|Any CPU
		{99498EF8-C9E0-433B-8D7B-EA8E9E66F0C7}.Mono_Debug|Any CPU.ActiveCfg = Mono_Debug|Any CPU
		{99498EF8-C9E0-433B-8D7B-EA8E9E66F0C7}.Mono_Debug|Any CPU.Build.0 = Mono_Debug|Any CPU
		{99498EF8-C9E0-433B-8D7B-EA8E9E66F0C7}.Mono_Debug|x64.ActiveCfg = Mono_Debug|Any CPU
		{99498EF8-C9E0-433B-8D7B-EA8E9E66F0C7}.Mono_Debug|x64.Build.0 = Mono_Debug|Any CPU
		{99498EF8-C9E0-433B-8D7B-EA8E9E66F0C7}.Mono_Debug|x86.ActiveCfg = Mono_Debug|Any CPU
		{99498EF8-C9E0-433B-8D7B-EA8E9E66F0C7}.Mono_Release|Any CPU.ActiveCfg = Mono_Release|Any CPU
		{99498EF8-C9E0-433B-8D7B-EA8E9E66F0C7}.Mono_Release|Any CPU.Build.0 = Mono_Release|Any CPU
		{99498EF8-C9E0-433B-8D7B-EA8E9E66F0C7}.Mono_Release|x64.ActiveCfg = Mono_Release|Any CPU
		{99498EF8-C9E0-433B-8D7B-EA8E9E66F0C7}.Mono_Release|x64.Build.0 = Mono_Release|Any CPU
		{99498EF8-C9E0-433B-8D7B-EA8E9E66F0C7}.Mono_Release|x86.ActiveCfg = Mono_Release|Any CPU
		{99498EF8-C9E0-433B-8D7B-EA8E9E66F0C7}.net_4_5_Debug|Any CPU.ActiveCfg = Debug|Any CPU
		{99498EF8-C9E0-433B-8D7B-EA8E9E66F0C7}.net_4_5_Debug|Any CPU.Build.0 = Debug|Any CPU
		{99498EF8-C9E0-433B-8D7B-EA8E9E66F0C7}.net_4_5_Debug|x64.ActiveCfg = Debug|Any CPU
		{99498EF8-C9E0-433B-8D7B-EA8E9E66F0C7}.net_4_5_Debug|x64.Build.0 = Debug|Any CPU
		{99498EF8-C9E0-433B-8D7B-EA8E9E66F0C7}.net_4_5_Debug|x86.ActiveCfg = Debug|Any CPU
		{99498EF8-C9E0-433B-8D7B-EA8E9E66F0C7}.net_4_5_Debug|x86.Build.0 = Debug|Any CPU
		{99498EF8-C9E0-433B-8D7B-EA8E9E66F0C7}.net_4_5_Release|Any CPU.ActiveCfg = Release|Any CPU
		{99498EF8-C9E0-433B-8D7B-EA8E9E66F0C7}.net_4_5_Release|Any CPU.Build.0 = Release|Any CPU
		{99498EF8-C9E0-433B-8D7B-EA8E9E66F0C7}.net_4_5_Release|x64.ActiveCfg = Release|Any CPU
		{99498EF8-C9E0-433B-8D7B-EA8E9E66F0C7}.net_4_5_Release|x64.Build.0 = Release|Any CPU
		{99498EF8-C9E0-433B-8D7B-EA8E9E66F0C7}.net_4_5_Release|x86.ActiveCfg = Release|Any CPU
		{99498EF8-C9E0-433B-8D7B-EA8E9E66F0C7}.net_4_5_Release|x86.Build.0 = Release|Any CPU
		{99498EF8-C9E0-433B-8D7B-EA8E9E66F0C7}.Release|Any CPU.ActiveCfg = Release|Any CPU
		{99498EF8-C9E0-433B-8D7B-EA8E9E66F0C7}.Release|Any CPU.Build.0 = Release|Any CPU
		{99498EF8-C9E0-433B-8D7B-EA8E9E66F0C7}.Release|x64.ActiveCfg = Release|Any CPU
		{99498EF8-C9E0-433B-8D7B-EA8E9E66F0C7}.Release|x64.Build.0 = Release|Any CPU
		{99498EF8-C9E0-433B-8D7B-EA8E9E66F0C7}.Release|x86.ActiveCfg = Release|Any CPU
		{99498EF8-C9E0-433B-8D7B-EA8E9E66F0C7}.Release|x86.Build.0 = Release|Any CPU
		{203FF5F7-8F0A-43C5-8BB5-723C492A42DA}.Debug|Any CPU.ActiveCfg = Debug|Any CPU
		{203FF5F7-8F0A-43C5-8BB5-723C492A42DA}.Debug|Any CPU.Build.0 = Debug|Any CPU
		{203FF5F7-8F0A-43C5-8BB5-723C492A42DA}.Debug|x64.ActiveCfg = Debug|Any CPU
		{203FF5F7-8F0A-43C5-8BB5-723C492A42DA}.Debug|x64.Build.0 = Debug|Any CPU
		{203FF5F7-8F0A-43C5-8BB5-723C492A42DA}.Debug|x86.ActiveCfg = Debug|Any CPU
		{203FF5F7-8F0A-43C5-8BB5-723C492A42DA}.Debug|x86.Build.0 = Debug|Any CPU
		{203FF5F7-8F0A-43C5-8BB5-723C492A42DA}.Mono_Debug|Any CPU.ActiveCfg = Debug|Any CPU
		{203FF5F7-8F0A-43C5-8BB5-723C492A42DA}.Mono_Debug|x64.ActiveCfg = Mono_Debug|Any CPU
		{203FF5F7-8F0A-43C5-8BB5-723C492A42DA}.Mono_Debug|x64.Build.0 = Mono_Debug|Any CPU
		{203FF5F7-8F0A-43C5-8BB5-723C492A42DA}.Mono_Debug|x86.ActiveCfg = Debug|Any CPU
		{203FF5F7-8F0A-43C5-8BB5-723C492A42DA}.Mono_Release|Any CPU.ActiveCfg = Release|Any CPU
		{203FF5F7-8F0A-43C5-8BB5-723C492A42DA}.Mono_Release|x64.ActiveCfg = Mono_Release|Any CPU
		{203FF5F7-8F0A-43C5-8BB5-723C492A42DA}.Mono_Release|x64.Build.0 = Mono_Release|Any CPU
		{203FF5F7-8F0A-43C5-8BB5-723C492A42DA}.Mono_Release|x86.ActiveCfg = Release|Any CPU
		{203FF5F7-8F0A-43C5-8BB5-723C492A42DA}.net_4_5_Debug|Any CPU.ActiveCfg = Debug|Any CPU
		{203FF5F7-8F0A-43C5-8BB5-723C492A42DA}.net_4_5_Debug|Any CPU.Build.0 = Debug|Any CPU
		{203FF5F7-8F0A-43C5-8BB5-723C492A42DA}.net_4_5_Debug|x64.ActiveCfg = Debug|Any CPU
		{203FF5F7-8F0A-43C5-8BB5-723C492A42DA}.net_4_5_Debug|x64.Build.0 = Debug|Any CPU
		{203FF5F7-8F0A-43C5-8BB5-723C492A42DA}.net_4_5_Debug|x86.ActiveCfg = Debug|Any CPU
		{203FF5F7-8F0A-43C5-8BB5-723C492A42DA}.net_4_5_Debug|x86.Build.0 = Debug|Any CPU
		{203FF5F7-8F0A-43C5-8BB5-723C492A42DA}.net_4_5_Release|Any CPU.ActiveCfg = Release|Any CPU
		{203FF5F7-8F0A-43C5-8BB5-723C492A42DA}.net_4_5_Release|Any CPU.Build.0 = Release|Any CPU
		{203FF5F7-8F0A-43C5-8BB5-723C492A42DA}.net_4_5_Release|x64.ActiveCfg = Release|Any CPU
		{203FF5F7-8F0A-43C5-8BB5-723C492A42DA}.net_4_5_Release|x64.Build.0 = Release|Any CPU
		{203FF5F7-8F0A-43C5-8BB5-723C492A42DA}.net_4_5_Release|x86.ActiveCfg = Release|Any CPU
		{203FF5F7-8F0A-43C5-8BB5-723C492A42DA}.net_4_5_Release|x86.Build.0 = Release|Any CPU
		{203FF5F7-8F0A-43C5-8BB5-723C492A42DA}.Release|Any CPU.ActiveCfg = Release|Any CPU
		{203FF5F7-8F0A-43C5-8BB5-723C492A42DA}.Release|Any CPU.Build.0 = Release|Any CPU
		{203FF5F7-8F0A-43C5-8BB5-723C492A42DA}.Release|x64.ActiveCfg = Release|Any CPU
		{203FF5F7-8F0A-43C5-8BB5-723C492A42DA}.Release|x64.Build.0 = Release|Any CPU
		{203FF5F7-8F0A-43C5-8BB5-723C492A42DA}.Release|x86.ActiveCfg = Release|Any CPU
		{203FF5F7-8F0A-43C5-8BB5-723C492A42DA}.Release|x86.Build.0 = Release|Any CPU
		{21DBA1CE-AF55-4159-B04B-B8C621BE8921}.Debug|Any CPU.ActiveCfg = Debug|Any CPU
		{21DBA1CE-AF55-4159-B04B-B8C621BE8921}.Debug|Any CPU.Build.0 = Debug|Any CPU
		{21DBA1CE-AF55-4159-B04B-B8C621BE8921}.Debug|x64.ActiveCfg = Debug|Any CPU
		{21DBA1CE-AF55-4159-B04B-B8C621BE8921}.Debug|x64.Build.0 = Debug|Any CPU
		{21DBA1CE-AF55-4159-B04B-B8C621BE8921}.Debug|x86.ActiveCfg = Debug|Any CPU
		{21DBA1CE-AF55-4159-B04B-B8C621BE8921}.Debug|x86.Build.0 = Debug|Any CPU
		{21DBA1CE-AF55-4159-B04B-B8C621BE8921}.Mono_Debug|Any CPU.ActiveCfg = Debug|Any CPU
		{21DBA1CE-AF55-4159-B04B-B8C621BE8921}.Mono_Debug|Any CPU.Build.0 = Debug|Any CPU
		{21DBA1CE-AF55-4159-B04B-B8C621BE8921}.Mono_Debug|x64.ActiveCfg = Mono_Debug|Any CPU
		{21DBA1CE-AF55-4159-B04B-B8C621BE8921}.Mono_Debug|x64.Build.0 = Mono_Debug|Any CPU
		{21DBA1CE-AF55-4159-B04B-B8C621BE8921}.Mono_Debug|x86.ActiveCfg = Debug|Any CPU
		{21DBA1CE-AF55-4159-B04B-B8C621BE8921}.Mono_Release|Any CPU.ActiveCfg = Release|Any CPU
		{21DBA1CE-AF55-4159-B04B-B8C621BE8921}.Mono_Release|Any CPU.Build.0 = Release|Any CPU
		{21DBA1CE-AF55-4159-B04B-B8C621BE8921}.Mono_Release|x64.ActiveCfg = Mono_Release|Any CPU
		{21DBA1CE-AF55-4159-B04B-B8C621BE8921}.Mono_Release|x64.Build.0 = Mono_Release|Any CPU
		{21DBA1CE-AF55-4159-B04B-B8C621BE8921}.Mono_Release|x86.ActiveCfg = Release|Any CPU
		{21DBA1CE-AF55-4159-B04B-B8C621BE8921}.net_4_5_Debug|Any CPU.ActiveCfg = Debug|Any CPU
		{21DBA1CE-AF55-4159-B04B-B8C621BE8921}.net_4_5_Debug|Any CPU.Build.0 = Debug|Any CPU
		{21DBA1CE-AF55-4159-B04B-B8C621BE8921}.net_4_5_Debug|x64.ActiveCfg = Debug|Any CPU
		{21DBA1CE-AF55-4159-B04B-B8C621BE8921}.net_4_5_Debug|x64.Build.0 = Debug|Any CPU
		{21DBA1CE-AF55-4159-B04B-B8C621BE8921}.net_4_5_Debug|x86.ActiveCfg = Debug|Any CPU
		{21DBA1CE-AF55-4159-B04B-B8C621BE8921}.net_4_5_Debug|x86.Build.0 = Debug|Any CPU
		{21DBA1CE-AF55-4159-B04B-B8C621BE8921}.net_4_5_Release|Any CPU.ActiveCfg = Release|Any CPU
		{21DBA1CE-AF55-4159-B04B-B8C621BE8921}.net_4_5_Release|Any CPU.Build.0 = Release|Any CPU
		{21DBA1CE-AF55-4159-B04B-B8C621BE8921}.net_4_5_Release|x64.ActiveCfg = Release|Any CPU
		{21DBA1CE-AF55-4159-B04B-B8C621BE8921}.net_4_5_Release|x64.Build.0 = Release|Any CPU
		{21DBA1CE-AF55-4159-B04B-B8C621BE8921}.net_4_5_Release|x86.ActiveCfg = Release|Any CPU
		{21DBA1CE-AF55-4159-B04B-B8C621BE8921}.net_4_5_Release|x86.Build.0 = Release|Any CPU
		{21DBA1CE-AF55-4159-B04B-B8C621BE8921}.Release|Any CPU.ActiveCfg = Release|Any CPU
		{21DBA1CE-AF55-4159-B04B-B8C621BE8921}.Release|Any CPU.Build.0 = Release|Any CPU
		{21DBA1CE-AF55-4159-B04B-B8C621BE8921}.Release|x64.ActiveCfg = Release|Any CPU
		{21DBA1CE-AF55-4159-B04B-B8C621BE8921}.Release|x64.Build.0 = Release|Any CPU
		{21DBA1CE-AF55-4159-B04B-B8C621BE8921}.Release|x86.ActiveCfg = Release|Any CPU
		{21DBA1CE-AF55-4159-B04B-B8C621BE8921}.Release|x86.Build.0 = Release|Any CPU
		{9FD0CFFC-CEDF-42DC-A344-B3E8F4EDF7C7}.Debug|Any CPU.ActiveCfg = Debug|Any CPU
		{9FD0CFFC-CEDF-42DC-A344-B3E8F4EDF7C7}.Debug|Any CPU.Build.0 = Debug|Any CPU
		{9FD0CFFC-CEDF-42DC-A344-B3E8F4EDF7C7}.Debug|x64.ActiveCfg = Debug|Any CPU
		{9FD0CFFC-CEDF-42DC-A344-B3E8F4EDF7C7}.Debug|x64.Build.0 = Debug|Any CPU
		{9FD0CFFC-CEDF-42DC-A344-B3E8F4EDF7C7}.Debug|x86.ActiveCfg = Debug|Any CPU
		{9FD0CFFC-CEDF-42DC-A344-B3E8F4EDF7C7}.Debug|x86.Build.0 = Debug|Any CPU
		{9FD0CFFC-CEDF-42DC-A344-B3E8F4EDF7C7}.Mono_Debug|Any CPU.ActiveCfg = Debug|Any CPU
		{9FD0CFFC-CEDF-42DC-A344-B3E8F4EDF7C7}.Mono_Debug|Any CPU.Build.0 = Debug|Any CPU
		{9FD0CFFC-CEDF-42DC-A344-B3E8F4EDF7C7}.Mono_Debug|x64.ActiveCfg = Debug|Any CPU
		{9FD0CFFC-CEDF-42DC-A344-B3E8F4EDF7C7}.Mono_Debug|x64.Build.0 = Debug|Any CPU
		{9FD0CFFC-CEDF-42DC-A344-B3E8F4EDF7C7}.Mono_Debug|x86.ActiveCfg = Debug|Any CPU
		{9FD0CFFC-CEDF-42DC-A344-B3E8F4EDF7C7}.Mono_Debug|x86.Build.0 = Debug|Any CPU
		{9FD0CFFC-CEDF-42DC-A344-B3E8F4EDF7C7}.Mono_Release|Any CPU.ActiveCfg = Release|Any CPU
		{9FD0CFFC-CEDF-42DC-A344-B3E8F4EDF7C7}.Mono_Release|Any CPU.Build.0 = Release|Any CPU
		{9FD0CFFC-CEDF-42DC-A344-B3E8F4EDF7C7}.Mono_Release|x64.ActiveCfg = Release|Any CPU
		{9FD0CFFC-CEDF-42DC-A344-B3E8F4EDF7C7}.Mono_Release|x64.Build.0 = Release|Any CPU
		{9FD0CFFC-CEDF-42DC-A344-B3E8F4EDF7C7}.Mono_Release|x86.ActiveCfg = Release|Any CPU
		{9FD0CFFC-CEDF-42DC-A344-B3E8F4EDF7C7}.Mono_Release|x86.Build.0 = Release|Any CPU
		{9FD0CFFC-CEDF-42DC-A344-B3E8F4EDF7C7}.net_4_5_Debug|Any CPU.ActiveCfg = Debug|Any CPU
		{9FD0CFFC-CEDF-42DC-A344-B3E8F4EDF7C7}.net_4_5_Debug|Any CPU.Build.0 = Debug|Any CPU
		{9FD0CFFC-CEDF-42DC-A344-B3E8F4EDF7C7}.net_4_5_Debug|x64.ActiveCfg = Debug|Any CPU
		{9FD0CFFC-CEDF-42DC-A344-B3E8F4EDF7C7}.net_4_5_Debug|x64.Build.0 = Debug|Any CPU
		{9FD0CFFC-CEDF-42DC-A344-B3E8F4EDF7C7}.net_4_5_Debug|x86.ActiveCfg = Debug|Any CPU
		{9FD0CFFC-CEDF-42DC-A344-B3E8F4EDF7C7}.net_4_5_Debug|x86.Build.0 = Debug|Any CPU
		{9FD0CFFC-CEDF-42DC-A344-B3E8F4EDF7C7}.net_4_5_Release|Any CPU.ActiveCfg = Release|Any CPU
		{9FD0CFFC-CEDF-42DC-A344-B3E8F4EDF7C7}.net_4_5_Release|Any CPU.Build.0 = Release|Any CPU
		{9FD0CFFC-CEDF-42DC-A344-B3E8F4EDF7C7}.net_4_5_Release|x64.ActiveCfg = Release|Any CPU
		{9FD0CFFC-CEDF-42DC-A344-B3E8F4EDF7C7}.net_4_5_Release|x64.Build.0 = Release|Any CPU
		{9FD0CFFC-CEDF-42DC-A344-B3E8F4EDF7C7}.net_4_5_Release|x86.ActiveCfg = Release|Any CPU
		{9FD0CFFC-CEDF-42DC-A344-B3E8F4EDF7C7}.net_4_5_Release|x86.Build.0 = Release|Any CPU
		{9FD0CFFC-CEDF-42DC-A344-B3E8F4EDF7C7}.Release|Any CPU.ActiveCfg = Release|Any CPU
		{9FD0CFFC-CEDF-42DC-A344-B3E8F4EDF7C7}.Release|Any CPU.Build.0 = Release|Any CPU
		{9FD0CFFC-CEDF-42DC-A344-B3E8F4EDF7C7}.Release|x64.ActiveCfg = Release|Any CPU
		{9FD0CFFC-CEDF-42DC-A344-B3E8F4EDF7C7}.Release|x64.Build.0 = Release|Any CPU
		{9FD0CFFC-CEDF-42DC-A344-B3E8F4EDF7C7}.Release|x86.ActiveCfg = Release|Any CPU
		{9FD0CFFC-CEDF-42DC-A344-B3E8F4EDF7C7}.Release|x86.Build.0 = Release|Any CPU
		{7FB64621-DF93-48DE-995D-8CB0804F6003}.Debug|Any CPU.ActiveCfg = Debug|Any CPU
		{7FB64621-DF93-48DE-995D-8CB0804F6003}.Debug|Any CPU.Build.0 = Debug|Any CPU
		{7FB64621-DF93-48DE-995D-8CB0804F6003}.Debug|x64.ActiveCfg = Debug|Any CPU
		{7FB64621-DF93-48DE-995D-8CB0804F6003}.Debug|x64.Build.0 = Debug|Any CPU
		{7FB64621-DF93-48DE-995D-8CB0804F6003}.Debug|x86.ActiveCfg = Debug|Any CPU
		{7FB64621-DF93-48DE-995D-8CB0804F6003}.Debug|x86.Build.0 = Debug|Any CPU
		{7FB64621-DF93-48DE-995D-8CB0804F6003}.Mono_Debug|Any CPU.ActiveCfg = Mono_Debug|Any CPU
		{7FB64621-DF93-48DE-995D-8CB0804F6003}.Mono_Debug|Any CPU.Build.0 = Mono_Debug|Any CPU
		{7FB64621-DF93-48DE-995D-8CB0804F6003}.Mono_Debug|x64.ActiveCfg = Mono_Debug|Any CPU
		{7FB64621-DF93-48DE-995D-8CB0804F6003}.Mono_Debug|x64.Build.0 = Mono_Debug|Any CPU
		{7FB64621-DF93-48DE-995D-8CB0804F6003}.Mono_Debug|x86.ActiveCfg = Mono_Debug|Any CPU
		{7FB64621-DF93-48DE-995D-8CB0804F6003}.Mono_Debug|x86.Build.0 = Mono_Debug|Any CPU
		{7FB64621-DF93-48DE-995D-8CB0804F6003}.Mono_Release|Any CPU.ActiveCfg = Mono_Release|Any CPU
		{7FB64621-DF93-48DE-995D-8CB0804F6003}.Mono_Release|Any CPU.Build.0 = Mono_Release|Any CPU
		{7FB64621-DF93-48DE-995D-8CB0804F6003}.Mono_Release|x64.ActiveCfg = Mono_Release|Any CPU
		{7FB64621-DF93-48DE-995D-8CB0804F6003}.Mono_Release|x64.Build.0 = Mono_Release|Any CPU
		{7FB64621-DF93-48DE-995D-8CB0804F6003}.Mono_Release|x86.ActiveCfg = Mono_Release|Any CPU
		{7FB64621-DF93-48DE-995D-8CB0804F6003}.Mono_Release|x86.Build.0 = Mono_Release|Any CPU
		{7FB64621-DF93-48DE-995D-8CB0804F6003}.net_4_5_Debug|Any CPU.ActiveCfg = Debug|Any CPU
		{7FB64621-DF93-48DE-995D-8CB0804F6003}.net_4_5_Debug|Any CPU.Build.0 = Debug|Any CPU
		{7FB64621-DF93-48DE-995D-8CB0804F6003}.net_4_5_Debug|x64.ActiveCfg = Debug|Any CPU
		{7FB64621-DF93-48DE-995D-8CB0804F6003}.net_4_5_Debug|x64.Build.0 = Debug|Any CPU
		{7FB64621-DF93-48DE-995D-8CB0804F6003}.net_4_5_Debug|x86.ActiveCfg = Debug|Any CPU
		{7FB64621-DF93-48DE-995D-8CB0804F6003}.net_4_5_Debug|x86.Build.0 = Debug|Any CPU
		{7FB64621-DF93-48DE-995D-8CB0804F6003}.net_4_5_Release|Any CPU.ActiveCfg = Release|Any CPU
		{7FB64621-DF93-48DE-995D-8CB0804F6003}.net_4_5_Release|Any CPU.Build.0 = Release|Any CPU
		{7FB64621-DF93-48DE-995D-8CB0804F6003}.net_4_5_Release|x64.ActiveCfg = Release|Any CPU
		{7FB64621-DF93-48DE-995D-8CB0804F6003}.net_4_5_Release|x64.Build.0 = Release|Any CPU
		{7FB64621-DF93-48DE-995D-8CB0804F6003}.net_4_5_Release|x86.ActiveCfg = Release|Any CPU
		{7FB64621-DF93-48DE-995D-8CB0804F6003}.net_4_5_Release|x86.Build.0 = Release|Any CPU
		{7FB64621-DF93-48DE-995D-8CB0804F6003}.Release|Any CPU.ActiveCfg = Release|Any CPU
		{7FB64621-DF93-48DE-995D-8CB0804F6003}.Release|Any CPU.Build.0 = Release|Any CPU
		{7FB64621-DF93-48DE-995D-8CB0804F6003}.Release|x64.ActiveCfg = Release|Any CPU
		{7FB64621-DF93-48DE-995D-8CB0804F6003}.Release|x64.Build.0 = Release|Any CPU
		{7FB64621-DF93-48DE-995D-8CB0804F6003}.Release|x86.ActiveCfg = Release|Any CPU
		{7FB64621-DF93-48DE-995D-8CB0804F6003}.Release|x86.Build.0 = Release|Any CPU
		{18236D33-B3E1-45DC-99E7-230633A228B6}.Debug|Any CPU.ActiveCfg = Debug|Any CPU
		{18236D33-B3E1-45DC-99E7-230633A228B6}.Debug|Any CPU.Build.0 = Debug|Any CPU
		{18236D33-B3E1-45DC-99E7-230633A228B6}.Debug|x64.ActiveCfg = Debug|Any CPU
		{18236D33-B3E1-45DC-99E7-230633A228B6}.Debug|x64.Build.0 = Debug|Any CPU
		{18236D33-B3E1-45DC-99E7-230633A228B6}.Debug|x86.ActiveCfg = Debug|Any CPU
		{18236D33-B3E1-45DC-99E7-230633A228B6}.Debug|x86.Build.0 = Debug|Any CPU
		{18236D33-B3E1-45DC-99E7-230633A228B6}.Mono_Debug|Any CPU.ActiveCfg = Debug|Any CPU
		{18236D33-B3E1-45DC-99E7-230633A228B6}.Mono_Debug|Any CPU.Build.0 = Debug|Any CPU
		{18236D33-B3E1-45DC-99E7-230633A228B6}.Mono_Debug|x64.ActiveCfg = Debug|Any CPU
		{18236D33-B3E1-45DC-99E7-230633A228B6}.Mono_Debug|x64.Build.0 = Debug|Any CPU
		{18236D33-B3E1-45DC-99E7-230633A228B6}.Mono_Debug|x86.ActiveCfg = Debug|Any CPU
		{18236D33-B3E1-45DC-99E7-230633A228B6}.Mono_Debug|x86.Build.0 = Debug|Any CPU
		{18236D33-B3E1-45DC-99E7-230633A228B6}.Mono_Release|Any CPU.ActiveCfg = Release|Any CPU
		{18236D33-B3E1-45DC-99E7-230633A228B6}.Mono_Release|Any CPU.Build.0 = Release|Any CPU
		{18236D33-B3E1-45DC-99E7-230633A228B6}.Mono_Release|x64.ActiveCfg = Release|Any CPU
		{18236D33-B3E1-45DC-99E7-230633A228B6}.Mono_Release|x64.Build.0 = Release|Any CPU
		{18236D33-B3E1-45DC-99E7-230633A228B6}.Mono_Release|x86.ActiveCfg = Release|Any CPU
		{18236D33-B3E1-45DC-99E7-230633A228B6}.Mono_Release|x86.Build.0 = Release|Any CPU
		{18236D33-B3E1-45DC-99E7-230633A228B6}.net_4_5_Debug|Any CPU.ActiveCfg = Debug|Any CPU
		{18236D33-B3E1-45DC-99E7-230633A228B6}.net_4_5_Debug|Any CPU.Build.0 = Debug|Any CPU
		{18236D33-B3E1-45DC-99E7-230633A228B6}.net_4_5_Debug|x64.ActiveCfg = Debug|Any CPU
		{18236D33-B3E1-45DC-99E7-230633A228B6}.net_4_5_Debug|x64.Build.0 = Debug|Any CPU
		{18236D33-B3E1-45DC-99E7-230633A228B6}.net_4_5_Debug|x86.ActiveCfg = Debug|Any CPU
		{18236D33-B3E1-45DC-99E7-230633A228B6}.net_4_5_Debug|x86.Build.0 = Debug|Any CPU
		{18236D33-B3E1-45DC-99E7-230633A228B6}.net_4_5_Release|Any CPU.ActiveCfg = Release|Any CPU
		{18236D33-B3E1-45DC-99E7-230633A228B6}.net_4_5_Release|Any CPU.Build.0 = Release|Any CPU
		{18236D33-B3E1-45DC-99E7-230633A228B6}.net_4_5_Release|x64.ActiveCfg = Release|Any CPU
		{18236D33-B3E1-45DC-99E7-230633A228B6}.net_4_5_Release|x64.Build.0 = Release|Any CPU
		{18236D33-B3E1-45DC-99E7-230633A228B6}.net_4_5_Release|x86.ActiveCfg = Release|Any CPU
		{18236D33-B3E1-45DC-99E7-230633A228B6}.net_4_5_Release|x86.Build.0 = Release|Any CPU
		{18236D33-B3E1-45DC-99E7-230633A228B6}.Release|Any CPU.ActiveCfg = Release|Any CPU
		{18236D33-B3E1-45DC-99E7-230633A228B6}.Release|Any CPU.Build.0 = Release|Any CPU
		{18236D33-B3E1-45DC-99E7-230633A228B6}.Release|x64.ActiveCfg = Release|Any CPU
		{18236D33-B3E1-45DC-99E7-230633A228B6}.Release|x64.Build.0 = Release|Any CPU
		{18236D33-B3E1-45DC-99E7-230633A228B6}.Release|x86.ActiveCfg = Release|Any CPU
		{18236D33-B3E1-45DC-99E7-230633A228B6}.Release|x86.Build.0 = Release|Any CPU
	EndGlobalSection
	GlobalSection(SolutionProperties) = preSolution
		HideSolutionNode = FALSE
	EndGlobalSection
EndGlobal
